// !$*UTF8*$!
{
	archiveVersion = 1;
	classes = {
	};
	objectVersion = 51;
	objects = {

/* Begin PBXBuildFile section */
		057BA1C3A0AA46985DA44B7E /* Pods_XiGuaManHua_XiGuaManHuaUITests.framework in Frameworks */ = {isa = PBXBuildFile; fileRef = 5F2EC85E12751F5E2282E953 /* Pods_XiGuaManHua_XiGuaManHuaUITests.framework */; };
		6B8F97883BA1C50EA88C79D9 /* Pods_XiGuaManHuaTests.framework in Frameworks */ = {isa = PBXBuildFile; fileRef = DDE3FB186C84872EE26EB8AC /* Pods_XiGuaManHuaTests.framework */; };
		810A0976A2A4D6769D4B0634 /* Pods_XiGuaManHua.framework in Frameworks */ = {isa = PBXBuildFile; fileRef = 73640D08535EC4B55F9E2FF4 /* Pods_XiGuaManHua.framework */; };
		F71F343926180D1800F0AD19 /* XGHomeViewController.swift in Sources */ = {isa = PBXBuildFile; fileRef = F71F342126180D1800F0AD19 /* XGHomeViewController.swift */; };
		F71F343A26180D1800F0AD19 /* XGRankViewController.swift in Sources */ = {isa = PBXBuildFile; fileRef = F71F342226180D1800F0AD19 /* XGRankViewController.swift */; };
		F71F343B26180D1800F0AD19 /* XGVIPViewController.swift in Sources */ = {isa = PBXBuildFile; fileRef = F71F342326180D1800F0AD19 /* XGVIPViewController.swift */; };
		F71F343C26180D1800F0AD19 /* XGRecommendViewController.swift in Sources */ = {isa = PBXBuildFile; fileRef = F71F342426180D1800F0AD19 /* XGRecommendViewController.swift */; };
		F71F343D26180D1800F0AD19 /* XGSubscribeViewController.swift in Sources */ = {isa = PBXBuildFile; fileRef = F71F342526180D1800F0AD19 /* XGSubscribeViewController.swift */; };
		F71F343E26180D1800F0AD19 /* XGCollectionNormalCell.swift in Sources */ = {isa = PBXBuildFile; fileRef = F71F342826180D1800F0AD19 /* XGCollectionNormalCell.swift */; };
		F71F343F26180D1800F0AD19 /* XGCollectionHeaderView.swift in Sources */ = {isa = PBXBuildFile; fileRef = F71F342926180D1800F0AD19 /* XGCollectionHeaderView.swift */; };
		F71F344026180D1800F0AD19 /* XGRecommendRequest.swift in Sources */ = {isa = PBXBuildFile; fileRef = F71F342B26180D1800F0AD19 /* XGRecommendRequest.swift */; };
		F71F344126180D1800F0AD19 /* XGCategoryViewController.swift in Sources */ = {isa = PBXBuildFile; fileRef = F71F342E26180D1800F0AD19 /* XGCategoryViewController.swift */; };
		F71F344226180D1800F0AD19 /* XGMineViewController.swift in Sources */ = {isa = PBXBuildFile; fileRef = F71F343126180D1800F0AD19 /* XGMineViewController.swift */; };
		F71F344326180D1800F0AD19 /* XGBookViewController.swift in Sources */ = {isa = PBXBuildFile; fileRef = F71F343426180D1800F0AD19 /* XGBookViewController.swift */; };
		F71F34582619554F00F0AD19 /* XGNetwork.swift in Sources */ = {isa = PBXBuildFile; fileRef = F71F34572619554F00F0AD19 /* XGNetwork.swift */; };
		F71F346C2619E22900F0AD19 /* XGRecommendModel.swift in Sources */ = {isa = PBXBuildFile; fileRef = F71F346B2619E22900F0AD19 /* XGRecommendModel.swift */; };
		F71F34762619E4BF00F0AD19 /* XGTabBarController.swift in Sources */ = {isa = PBXBuildFile; fileRef = F71F34732619E4BF00F0AD19 /* XGTabBarController.swift */; };
		F71F34772619E4BF00F0AD19 /* XGNavigationController.swift in Sources */ = {isa = PBXBuildFile; fileRef = F71F34742619E4BF00F0AD19 /* XGNavigationController.swift */; };
		F71F34782619E4BF00F0AD19 /* XGBaseViewController.swift in Sources */ = {isa = PBXBuildFile; fileRef = F71F34752619E4BF00F0AD19 /* XGBaseViewController.swift */; };
		F71F347D2619E4DA00F0AD19 /* XGCommonModel.swift in Sources */ = {isa = PBXBuildFile; fileRef = F71F347C2619E4DA00F0AD19 /* XGCommonModel.swift */; };
		F73645392610873500B9FCCE /* AppDelegate.swift in Sources */ = {isa = PBXBuildFile; fileRef = F73645382610873500B9FCCE /* AppDelegate.swift */; };
		F73645422610873700B9FCCE /* Assets.xcassets in Resources */ = {isa = PBXBuildFile; fileRef = F73645412610873700B9FCCE /* Assets.xcassets */; };
		F73645452610873700B9FCCE /* LaunchScreen.storyboard in Resources */ = {isa = PBXBuildFile; fileRef = F73645432610873700B9FCCE /* LaunchScreen.storyboard */; };
		F73645502610873700B9FCCE /* XiGuaManHuaTests.swift in Sources */ = {isa = PBXBuildFile; fileRef = F736454F2610873700B9FCCE /* XiGuaManHuaTests.swift */; };
		F736455B2610873700B9FCCE /* XiGuaManHuaUITests.swift in Sources */ = {isa = PBXBuildFile; fileRef = F736455A2610873700B9FCCE /* XiGuaManHuaUITests.swift */; };
		F73645B62610E28700B9FCCE /* UIColor-Extension.swift in Sources */ = {isa = PBXBuildFile; fileRef = F73645B52610E28600B9FCCE /* UIColor-Extension.swift */; };
		F73645CE2611BB8300B9FCCE /* XGSegmentedTitleView.swift in Sources */ = {isa = PBXBuildFile; fileRef = F73645CD2611BB8300B9FCCE /* XGSegmentedTitleView.swift */; };
		F73645D42611BBCF00B9FCCE /* XGCommon.swift in Sources */ = {isa = PBXBuildFile; fileRef = F73645D32611BBCF00B9FCCE /* XGCommon.swift */; };
		F73645DC2611DA8500B9FCCE /* XGSegmentedPageView.swift in Sources */ = {isa = PBXBuildFile; fileRef = F73645DB2611DA8500B9FCCE /* XGSegmentedPageView.swift */; };
/* End PBXBuildFile section */

/* Begin PBXContainerItemProxy section */
		F736454C2610873700B9FCCE /* PBXContainerItemProxy */ = {
			isa = PBXContainerItemProxy;
			containerPortal = F736452D2610873500B9FCCE /* Project object */;
			proxyType = 1;
			remoteGlobalIDString = F73645342610873500B9FCCE;
			remoteInfo = XiGuaManHua;
		};
		F73645572610873700B9FCCE /* PBXContainerItemProxy */ = {
			isa = PBXContainerItemProxy;
			containerPortal = F736452D2610873500B9FCCE /* Project object */;
			proxyType = 1;
			remoteGlobalIDString = F73645342610873500B9FCCE;
			remoteInfo = XiGuaManHua;
		};
/* End PBXContainerItemProxy section */

/* Begin PBXFileReference section */
		014DA1F0D4726AF20A39847E /* Pods-XiGuaManHua-XiGuaManHuaUITests.release.xcconfig */ = {isa = PBXFileReference; includeInIndex = 1; lastKnownFileType = text.xcconfig; name = "Pods-XiGuaManHua-XiGuaManHuaUITests.release.xcconfig"; path = "Target Support Files/Pods-XiGuaManHua-XiGuaManHuaUITests/Pods-XiGuaManHua-XiGuaManHuaUITests.release.xcconfig"; sourceTree = "<group>"; };
		36799DED92C1379A126D2EFB /* Pods-XiGuaManHua.release.xcconfig */ = {isa = PBXFileReference; includeInIndex = 1; lastKnownFileType = text.xcconfig; name = "Pods-XiGuaManHua.release.xcconfig"; path = "Target Support Files/Pods-XiGuaManHua/Pods-XiGuaManHua.release.xcconfig"; sourceTree = "<group>"; };
		4C29E9401217EC0115D69B37 /* Pods-XiGuaManHuaTests.debug.xcconfig */ = {isa = PBXFileReference; includeInIndex = 1; lastKnownFileType = text.xcconfig; name = "Pods-XiGuaManHuaTests.debug.xcconfig"; path = "Target Support Files/Pods-XiGuaManHuaTests/Pods-XiGuaManHuaTests.debug.xcconfig"; sourceTree = "<group>"; };
		5F2EC85E12751F5E2282E953 /* Pods_XiGuaManHua_XiGuaManHuaUITests.framework */ = {isa = PBXFileReference; explicitFileType = wrapper.framework; includeInIndex = 0; path = Pods_XiGuaManHua_XiGuaManHuaUITests.framework; sourceTree = BUILT_PRODUCTS_DIR; };
		601A85B16FD85FCB3531A6B3 /* Pods-XiGuaManHua.debug.xcconfig */ = {isa = PBXFileReference; includeInIndex = 1; lastKnownFileType = text.xcconfig; name = "Pods-XiGuaManHua.debug.xcconfig"; path = "Target Support Files/Pods-XiGuaManHua/Pods-XiGuaManHua.debug.xcconfig"; sourceTree = "<group>"; };
		73640D08535EC4B55F9E2FF4 /* Pods_XiGuaManHua.framework */ = {isa = PBXFileReference; explicitFileType = wrapper.framework; includeInIndex = 0; path = Pods_XiGuaManHua.framework; sourceTree = BUILT_PRODUCTS_DIR; };
		86E3DEC980BDD9C7B1B35B36 /* Pods-XiGuaManHuaTests.release.xcconfig */ = {isa = PBXFileReference; includeInIndex = 1; lastKnownFileType = text.xcconfig; name = "Pods-XiGuaManHuaTests.release.xcconfig"; path = "Target Support Files/Pods-XiGuaManHuaTests/Pods-XiGuaManHuaTests.release.xcconfig"; sourceTree = "<group>"; };
		BFEEB3110AE793C0ADFA3942 /* Pods-XiGuaManHua-XiGuaManHuaUITests.debug.xcconfig */ = {isa = PBXFileReference; includeInIndex = 1; lastKnownFileType = text.xcconfig; name = "Pods-XiGuaManHua-XiGuaManHuaUITests.debug.xcconfig"; path = "Target Support Files/Pods-XiGuaManHua-XiGuaManHuaUITests/Pods-XiGuaManHua-XiGuaManHuaUITests.debug.xcconfig"; sourceTree = "<group>"; };
		DDE3FB186C84872EE26EB8AC /* Pods_XiGuaManHuaTests.framework */ = {isa = PBXFileReference; explicitFileType = wrapper.framework; includeInIndex = 0; path = Pods_XiGuaManHuaTests.framework; sourceTree = BUILT_PRODUCTS_DIR; };
		F71F342126180D1800F0AD19 /* XGHomeViewController.swift */ = {isa = PBXFileReference; fileEncoding = 4; lastKnownFileType = sourcecode.swift; path = XGHomeViewController.swift; sourceTree = "<group>"; };
		F71F342226180D1800F0AD19 /* XGRankViewController.swift */ = {isa = PBXFileReference; fileEncoding = 4; lastKnownFileType = sourcecode.swift; path = XGRankViewController.swift; sourceTree = "<group>"; };
		F71F342326180D1800F0AD19 /* XGVIPViewController.swift */ = {isa = PBXFileReference; fileEncoding = 4; lastKnownFileType = sourcecode.swift; path = XGVIPViewController.swift; sourceTree = "<group>"; };
		F71F342426180D1800F0AD19 /* XGRecommendViewController.swift */ = {isa = PBXFileReference; fileEncoding = 4; lastKnownFileType = sourcecode.swift; path = XGRecommendViewController.swift; sourceTree = "<group>"; };
		F71F342526180D1800F0AD19 /* XGSubscribeViewController.swift */ = {isa = PBXFileReference; fileEncoding = 4; lastKnownFileType = sourcecode.swift; path = XGSubscribeViewController.swift; sourceTree = "<group>"; };
		F71F342826180D1800F0AD19 /* XGCollectionNormalCell.swift */ = {isa = PBXFileReference; fileEncoding = 4; lastKnownFileType = sourcecode.swift; path = XGCollectionNormalCell.swift; sourceTree = "<group>"; };
		F71F342926180D1800F0AD19 /* XGCollectionHeaderView.swift */ = {isa = PBXFileReference; fileEncoding = 4; lastKnownFileType = sourcecode.swift; path = XGCollectionHeaderView.swift; sourceTree = "<group>"; };
		F71F342B26180D1800F0AD19 /* XGRecommendRequest.swift */ = {isa = PBXFileReference; fileEncoding = 4; lastKnownFileType = sourcecode.swift; path = XGRecommendRequest.swift; sourceTree = "<group>"; };
		F71F342E26180D1800F0AD19 /* XGCategoryViewController.swift */ = {isa = PBXFileReference; fileEncoding = 4; lastKnownFileType = sourcecode.swift; path = XGCategoryViewController.swift; sourceTree = "<group>"; };
		F71F343126180D1800F0AD19 /* XGMineViewController.swift */ = {isa = PBXFileReference; fileEncoding = 4; lastKnownFileType = sourcecode.swift; path = XGMineViewController.swift; sourceTree = "<group>"; };
		F71F343426180D1800F0AD19 /* XGBookViewController.swift */ = {isa = PBXFileReference; fileEncoding = 4; lastKnownFileType = sourcecode.swift; path = XGBookViewController.swift; sourceTree = "<group>"; };
		F71F34572619554F00F0AD19 /* XGNetwork.swift */ = {isa = PBXFileReference; lastKnownFileType = sourcecode.swift; path = XGNetwork.swift; sourceTree = "<group>"; };
		F71F346B2619E22900F0AD19 /* XGRecommendModel.swift */ = {isa = PBXFileReference; lastKnownFileType = sourcecode.swift; path = XGRecommendModel.swift; sourceTree = "<group>"; };
		F71F34732619E4BF00F0AD19 /* XGTabBarController.swift */ = {isa = PBXFileReference; fileEncoding = 4; lastKnownFileType = sourcecode.swift; path = XGTabBarController.swift; sourceTree = "<group>"; };
		F71F34742619E4BF00F0AD19 /* XGNavigationController.swift */ = {isa = PBXFileReference; fileEncoding = 4; lastKnownFileType = sourcecode.swift; path = XGNavigationController.swift; sourceTree = "<group>"; };
		F71F34752619E4BF00F0AD19 /* XGBaseViewController.swift */ = {isa = PBXFileReference; fileEncoding = 4; lastKnownFileType = sourcecode.swift; path = XGBaseViewController.swift; sourceTree = "<group>"; };
		F71F347C2619E4DA00F0AD19 /* XGCommonModel.swift */ = {isa = PBXFileReference; lastKnownFileType = sourcecode.swift; path = XGCommonModel.swift; sourceTree = "<group>"; };
		F73645352610873500B9FCCE /* XiGuaManHua.app */ = {isa = PBXFileReference; explicitFileType = wrapper.application; includeInIndex = 0; path = XiGuaManHua.app; sourceTree = BUILT_PRODUCTS_DIR; };
		F73645382610873500B9FCCE /* AppDelegate.swift */ = {isa = PBXFileReference; lastKnownFileType = sourcecode.swift; path = AppDelegate.swift; sourceTree = "<group>"; };
		F73645412610873700B9FCCE /* Assets.xcassets */ = {isa = PBXFileReference; lastKnownFileType = folder.assetcatalog; path = Assets.xcassets; sourceTree = "<group>"; };
		F73645442610873700B9FCCE /* Base */ = {isa = PBXFileReference; lastKnownFileType = file.storyboard; name = Base; path = Base.lproj/LaunchScreen.storyboard; sourceTree = "<group>"; };
		F73645462610873700B9FCCE /* Info.plist */ = {isa = PBXFileReference; lastKnownFileType = text.plist.xml; path = Info.plist; sourceTree = "<group>"; };
		F736454B2610873700B9FCCE /* XiGuaManHuaTests.xctest */ = {isa = PBXFileReference; explicitFileType = wrapper.cfbundle; includeInIndex = 0; path = XiGuaManHuaTests.xctest; sourceTree = BUILT_PRODUCTS_DIR; };
		F736454F2610873700B9FCCE /* XiGuaManHuaTests.swift */ = {isa = PBXFileReference; lastKnownFileType = sourcecode.swift; path = XiGuaManHuaTests.swift; sourceTree = "<group>"; };
		F73645512610873700B9FCCE /* Info.plist */ = {isa = PBXFileReference; lastKnownFileType = text.plist.xml; path = Info.plist; sourceTree = "<group>"; };
		F73645562610873700B9FCCE /* XiGuaManHuaUITests.xctest */ = {isa = PBXFileReference; explicitFileType = wrapper.cfbundle; includeInIndex = 0; path = XiGuaManHuaUITests.xctest; sourceTree = BUILT_PRODUCTS_DIR; };
		F736455A2610873700B9FCCE /* XiGuaManHuaUITests.swift */ = {isa = PBXFileReference; lastKnownFileType = sourcecode.swift; path = XiGuaManHuaUITests.swift; sourceTree = "<group>"; };
		F736455C2610873700B9FCCE /* Info.plist */ = {isa = PBXFileReference; lastKnownFileType = text.plist.xml; path = Info.plist; sourceTree = "<group>"; };
		F73645B52610E28600B9FCCE /* UIColor-Extension.swift */ = {isa = PBXFileReference; lastKnownFileType = sourcecode.swift; path = "UIColor-Extension.swift"; sourceTree = "<group>"; };
		F73645CD2611BB8300B9FCCE /* XGSegmentedTitleView.swift */ = {isa = PBXFileReference; fileEncoding = 4; lastKnownFileType = sourcecode.swift; path = XGSegmentedTitleView.swift; sourceTree = "<group>"; };
		F73645D32611BBCF00B9FCCE /* XGCommon.swift */ = {isa = PBXFileReference; lastKnownFileType = sourcecode.swift; path = XGCommon.swift; sourceTree = "<group>"; };
		F73645DB2611DA8500B9FCCE /* XGSegmentedPageView.swift */ = {isa = PBXFileReference; lastKnownFileType = sourcecode.swift; path = XGSegmentedPageView.swift; sourceTree = "<group>"; };
/* End PBXFileReference section */

/* Begin PBXFrameworksBuildPhase section */
		F73645322610873500B9FCCE /* Frameworks */ = {
			isa = PBXFrameworksBuildPhase;
			buildActionMask = 2147483647;
			files = (
				810A0976A2A4D6769D4B0634 /* Pods_XiGuaManHua.framework in Frameworks */,
			);
			runOnlyForDeploymentPostprocessing = 0;
		};
		F73645482610873700B9FCCE /* Frameworks */ = {
			isa = PBXFrameworksBuildPhase;
			buildActionMask = 2147483647;
			files = (
				6B8F97883BA1C50EA88C79D9 /* Pods_XiGuaManHuaTests.framework in Frameworks */,
			);
			runOnlyForDeploymentPostprocessing = 0;
		};
		F73645532610873700B9FCCE /* Frameworks */ = {
			isa = PBXFrameworksBuildPhase;
			buildActionMask = 2147483647;
			files = (
				057BA1C3A0AA46985DA44B7E /* Pods_XiGuaManHua_XiGuaManHuaUITests.framework in Frameworks */,
			);
			runOnlyForDeploymentPostprocessing = 0;
		};
/* End PBXFrameworksBuildPhase section */

/* Begin PBXGroup section */
		1A9B52515E18F8E35835D619 /* Pods */ = {
			isa = PBXGroup;
			children = (
				601A85B16FD85FCB3531A6B3 /* Pods-XiGuaManHua.debug.xcconfig */,
				36799DED92C1379A126D2EFB /* Pods-XiGuaManHua.release.xcconfig */,
				BFEEB3110AE793C0ADFA3942 /* Pods-XiGuaManHua-XiGuaManHuaUITests.debug.xcconfig */,
				014DA1F0D4726AF20A39847E /* Pods-XiGuaManHua-XiGuaManHuaUITests.release.xcconfig */,
				4C29E9401217EC0115D69B37 /* Pods-XiGuaManHuaTests.debug.xcconfig */,
				86E3DEC980BDD9C7B1B35B36 /* Pods-XiGuaManHuaTests.release.xcconfig */,
			);
			path = Pods;
			sourceTree = "<group>";
		};
		517D53F68E33405C72312868 /* Frameworks */ = {
			isa = PBXGroup;
			children = (
				73640D08535EC4B55F9E2FF4 /* Pods_XiGuaManHua.framework */,
				5F2EC85E12751F5E2282E953 /* Pods_XiGuaManHua_XiGuaManHuaUITests.framework */,
				DDE3FB186C84872EE26EB8AC /* Pods_XiGuaManHuaTests.framework */,
			);
			name = Frameworks;
			sourceTree = "<group>";
		};
		F71F341E26180D1800F0AD19 /* UI */ = {
			isa = PBXGroup;
			children = (
				F71F343526180D1800F0AD19 /* Mian */,
				F71F341F26180D1800F0AD19 /* Home */,
				F71F342C26180D1800F0AD19 /* Category */,
				F71F343226180D1800F0AD19 /* Book */,
				F71F342F26180D1800F0AD19 /* Mine */,
			);
			path = UI;
			sourceTree = "<group>";
		};
		F71F341F26180D1800F0AD19 /* Home */ = {
			isa = PBXGroup;
			children = (
				F71F342026180D1800F0AD19 /* Controller */,
				F71F342626180D1800F0AD19 /* Model */,
				F71F342726180D1800F0AD19 /* View */,
				F71F342A26180D1800F0AD19 /* Request */,
			);
			path = Home;
			sourceTree = "<group>";
		};
		F71F342026180D1800F0AD19 /* Controller */ = {
			isa = PBXGroup;
			children = (
				F71F342126180D1800F0AD19 /* XGHomeViewController.swift */,
				F71F342426180D1800F0AD19 /* XGRecommendViewController.swift */,
				F71F342326180D1800F0AD19 /* XGVIPViewController.swift */,
				F71F342526180D1800F0AD19 /* XGSubscribeViewController.swift */,
				F71F342226180D1800F0AD19 /* XGRankViewController.swift */,
			);
			path = Controller;
			sourceTree = "<group>";
		};
		F71F342626180D1800F0AD19 /* Model */ = {
			isa = PBXGroup;
			children = (
				F71F346B2619E22900F0AD19 /* XGRecommendModel.swift */,
			);
			path = Model;
			sourceTree = "<group>";
		};
		F71F342726180D1800F0AD19 /* View */ = {
			isa = PBXGroup;
			children = (
				F71F342826180D1800F0AD19 /* XGCollectionNormalCell.swift */,
				F71F342926180D1800F0AD19 /* XGCollectionHeaderView.swift */,
			);
			path = View;
			sourceTree = "<group>";
		};
		F71F342A26180D1800F0AD19 /* Request */ = {
			isa = PBXGroup;
			children = (
				F71F342B26180D1800F0AD19 /* XGRecommendRequest.swift */,
			);
			path = Request;
			sourceTree = "<group>";
		};
		F71F342C26180D1800F0AD19 /* Category */ = {
			isa = PBXGroup;
			children = (
				F71F342D26180D1800F0AD19 /* Controller */,
			);
			path = Category;
			sourceTree = "<group>";
		};
		F71F342D26180D1800F0AD19 /* Controller */ = {
			isa = PBXGroup;
			children = (
				F71F342E26180D1800F0AD19 /* XGCategoryViewController.swift */,
			);
			path = Controller;
			sourceTree = "<group>";
		};
		F71F342F26180D1800F0AD19 /* Mine */ = {
			isa = PBXGroup;
			children = (
				F71F343026180D1800F0AD19 /* Controller */,
			);
			path = Mine;
			sourceTree = "<group>";
		};
		F71F343026180D1800F0AD19 /* Controller */ = {
			isa = PBXGroup;
			children = (
				F71F343126180D1800F0AD19 /* XGMineViewController.swift */,
			);
			path = Controller;
			sourceTree = "<group>";
		};
		F71F343226180D1800F0AD19 /* Book */ = {
			isa = PBXGroup;
			children = (
				F71F343326180D1800F0AD19 /* Controller */,
			);
			path = Book;
			sourceTree = "<group>";
		};
		F71F343326180D1800F0AD19 /* Controller */ = {
			isa = PBXGroup;
			children = (
				F71F343426180D1800F0AD19 /* XGBookViewController.swift */,
			);
			path = Controller;
			sourceTree = "<group>";
		};
		F71F343526180D1800F0AD19 /* Mian */ = {
			isa = PBXGroup;
			children = (
				F71F34702619E4BE00F0AD19 /* Model */,
				F71F34712619E4BE00F0AD19 /* View */,
				F71F34722619E4BF00F0AD19 /* Controller */,
			);
			path = Mian;
			sourceTree = "<group>";
		};
		F71F344D26180E2400F0AD19 /* Network */ = {
			isa = PBXGroup;
			children = (
				F71F34572619554F00F0AD19 /* XGNetwork.swift */,
			);
			path = Network;
			sourceTree = "<group>";
		};
		F71F34702619E4BE00F0AD19 /* Model */ = {
			isa = PBXGroup;
			children = (
				F71F347C2619E4DA00F0AD19 /* XGCommonModel.swift */,
			);
			path = Model;
			sourceTree = "<group>";
		};
		F71F34712619E4BE00F0AD19 /* View */ = {
			isa = PBXGroup;
			children = (
			);
			path = View;
			sourceTree = "<group>";
		};
		F71F34722619E4BF00F0AD19 /* Controller */ = {
			isa = PBXGroup;
			children = (
				F71F34732619E4BF00F0AD19 /* XGTabBarController.swift */,
				F71F34742619E4BF00F0AD19 /* XGNavigationController.swift */,
				F71F34752619E4BF00F0AD19 /* XGBaseViewController.swift */,
			);
			path = Controller;
			sourceTree = "<group>";
		};
		F736452C2610873500B9FCCE = {
			isa = PBXGroup;
			children = (
				F73645372610873500B9FCCE /* XiGuaManHua */,
				F736454E2610873700B9FCCE /* XiGuaManHuaTests */,
				F73645592610873700B9FCCE /* XiGuaManHuaUITests */,
				F73645362610873500B9FCCE /* Products */,
				1A9B52515E18F8E35835D619 /* Pods */,
				517D53F68E33405C72312868 /* Frameworks */,
			);
			sourceTree = "<group>";
		};
		F73645362610873500B9FCCE /* Products */ = {
			isa = PBXGroup;
			children = (
				F73645352610873500B9FCCE /* XiGuaManHua.app */,
				F736454B2610873700B9FCCE /* XiGuaManHuaTests.xctest */,
				F73645562610873700B9FCCE /* XiGuaManHuaUITests.xctest */,
			);
			name = Products;
			sourceTree = "<group>";
		};
		F73645372610873500B9FCCE /* XiGuaManHua */ = {
			isa = PBXGroup;
			children = (
				F73645712610C52E00B9FCCE /* Classes */,
				F73645382610873500B9FCCE /* AppDelegate.swift */,
				F73645412610873700B9FCCE /* Assets.xcassets */,
				F73645432610873700B9FCCE /* LaunchScreen.storyboard */,
				F73645462610873700B9FCCE /* Info.plist */,
			);
			path = XiGuaManHua;
			sourceTree = "<group>";
		};
		F736454E2610873700B9FCCE /* XiGuaManHuaTests */ = {
			isa = PBXGroup;
			children = (
				F736454F2610873700B9FCCE /* XiGuaManHuaTests.swift */,
				F73645512610873700B9FCCE /* Info.plist */,
			);
			path = XiGuaManHuaTests;
			sourceTree = "<group>";
		};
		F73645592610873700B9FCCE /* XiGuaManHuaUITests */ = {
			isa = PBXGroup;
			children = (
				F736455A2610873700B9FCCE /* XiGuaManHuaUITests.swift */,
				F736455C2610873700B9FCCE /* Info.plist */,
			);
			path = XiGuaManHuaUITests;
			sourceTree = "<group>";
		};
		F73645712610C52E00B9FCCE /* Classes */ = {
			isa = PBXGroup;
			children = (
				F71F341E26180D1800F0AD19 /* UI */,
				F73645732610C52E00B9FCCE /* Tools */,
				F73645CB2611BB8300B9FCCE /* Widgets */,
			);
			path = Classes;
			sourceTree = "<group>";
		};
		F73645732610C52E00B9FCCE /* Tools */ = {
			isa = PBXGroup;
			children = (
				F71F344D26180E2400F0AD19 /* Network */,
				F73645D22611BBC200B9FCCE /* Common */,
				F73645B42610E22B00B9FCCE /* Extension */,
			);
			path = Tools;
			sourceTree = "<group>";
		};
		F73645B42610E22B00B9FCCE /* Extension */ = {
			isa = PBXGroup;
			children = (
				F73645B52610E28600B9FCCE /* UIColor-Extension.swift */,
			);
			path = Extension;
			sourceTree = "<group>";
		};
		F73645CB2611BB8300B9FCCE /* Widgets */ = {
			isa = PBXGroup;
			children = (
				F73645CC2611BB8300B9FCCE /* SegmentedControl */,
			);
			path = Widgets;
			sourceTree = "<group>";
		};
		F73645CC2611BB8300B9FCCE /* SegmentedControl */ = {
			isa = PBXGroup;
			children = (
				F73645CD2611BB8300B9FCCE /* XGSegmentedTitleView.swift */,
				F73645DB2611DA8500B9FCCE /* XGSegmentedPageView.swift */,
			);
			path = SegmentedControl;
			sourceTree = "<group>";
		};
		F73645D22611BBC200B9FCCE /* Common */ = {
			isa = PBXGroup;
			children = (
				F73645D32611BBCF00B9FCCE /* XGCommon.swift */,
			);
			path = Common;
			sourceTree = "<group>";
		};
/* End PBXGroup section */

/* Begin PBXNativeTarget section */
		F73645342610873500B9FCCE /* XiGuaManHua */ = {
			isa = PBXNativeTarget;
			buildConfigurationList = F736455F2610873700B9FCCE /* Build configuration list for PBXNativeTarget "XiGuaManHua" */;
			buildPhases = (
				EE42E37F4791E36E1DA16326 /* [CP] Check Pods Manifest.lock */,
				F73645312610873500B9FCCE /* Sources */,
				F73645322610873500B9FCCE /* Frameworks */,
				F73645332610873500B9FCCE /* Resources */,
				BC1B36755058E6B95EA63068 /* [CP] Embed Pods Frameworks */,
			);
			buildRules = (
			);
			dependencies = (
			);
			name = XiGuaManHua;
			productName = XiGuaManHua;
			productReference = F73645352610873500B9FCCE /* XiGuaManHua.app */;
			productType = "com.apple.product-type.application";
		};
		F736454A2610873700B9FCCE /* XiGuaManHuaTests */ = {
			isa = PBXNativeTarget;
			buildConfigurationList = F73645622610873700B9FCCE /* Build configuration list for PBXNativeTarget "XiGuaManHuaTests" */;
			buildPhases = (
				1D39264EBF2B35063F22ABF5 /* [CP] Check Pods Manifest.lock */,
				F73645472610873700B9FCCE /* Sources */,
				F73645482610873700B9FCCE /* Frameworks */,
				F73645492610873700B9FCCE /* Resources */,
			);
			buildRules = (
			);
			dependencies = (
				F736454D2610873700B9FCCE /* PBXTargetDependency */,
			);
			name = XiGuaManHuaTests;
			productName = XiGuaManHuaTests;
			productReference = F736454B2610873700B9FCCE /* XiGuaManHuaTests.xctest */;
			productType = "com.apple.product-type.bundle.unit-test";
		};
		F73645552610873700B9FCCE /* XiGuaManHuaUITests */ = {
			isa = PBXNativeTarget;
			buildConfigurationList = F73645652610873700B9FCCE /* Build configuration list for PBXNativeTarget "XiGuaManHuaUITests" */;
			buildPhases = (
				0021E90677E5E201CE00F3D7 /* [CP] Check Pods Manifest.lock */,
				F73645522610873700B9FCCE /* Sources */,
				F73645532610873700B9FCCE /* Frameworks */,
				F73645542610873700B9FCCE /* Resources */,
				3BCB3D3C74C54CD7280B55A2 /* [CP] Embed Pods Frameworks */,
			);
			buildRules = (
			);
			dependencies = (
				F73645582610873700B9FCCE /* PBXTargetDependency */,
			);
			name = XiGuaManHuaUITests;
			productName = XiGuaManHuaUITests;
			productReference = F73645562610873700B9FCCE /* XiGuaManHuaUITests.xctest */;
			productType = "com.apple.product-type.bundle.ui-testing";
		};
/* End PBXNativeTarget section */

/* Begin PBXProject section */
		F736452D2610873500B9FCCE /* Project object */ = {
			isa = PBXProject;
			attributes = {
				CLASSPREFIX = XG;
				LastSwiftUpdateCheck = 1240;
				LastUpgradeCheck = 1240;
				TargetAttributes = {
					F73645342610873500B9FCCE = {
						CreatedOnToolsVersion = 12.4;
					};
					F736454A2610873700B9FCCE = {
						CreatedOnToolsVersion = 12.4;
						TestTargetID = F73645342610873500B9FCCE;
					};
					F73645552610873700B9FCCE = {
						CreatedOnToolsVersion = 12.4;
						TestTargetID = F73645342610873500B9FCCE;
					};
				};
			};
			buildConfigurationList = F73645302610873500B9FCCE /* Build configuration list for PBXProject "XiGuaManHua" */;
			compatibilityVersion = "Xcode 9.3";
			developmentRegion = en;
			hasScannedForEncodings = 0;
			knownRegions = (
				en,
				Base,
			);
			mainGroup = F736452C2610873500B9FCCE;
			productRefGroup = F73645362610873500B9FCCE /* Products */;
			projectDirPath = "";
			projectRoot = "";
			targets = (
				F73645342610873500B9FCCE /* XiGuaManHua */,
				F736454A2610873700B9FCCE /* XiGuaManHuaTests */,
				F73645552610873700B9FCCE /* XiGuaManHuaUITests */,
			);
		};
/* End PBXProject section */

/* Begin PBXResourcesBuildPhase section */
		F73645332610873500B9FCCE /* Resources */ = {
			isa = PBXResourcesBuildPhase;
			buildActionMask = 2147483647;
			files = (
				F73645452610873700B9FCCE /* LaunchScreen.storyboard in Resources */,
				F73645422610873700B9FCCE /* Assets.xcassets in Resources */,
			);
			runOnlyForDeploymentPostprocessing = 0;
		};
		F73645492610873700B9FCCE /* Resources */ = {
			isa = PBXResourcesBuildPhase;
			buildActionMask = 2147483647;
			files = (
			);
			runOnlyForDeploymentPostprocessing = 0;
		};
		F73645542610873700B9FCCE /* Resources */ = {
			isa = PBXResourcesBuildPhase;
			buildActionMask = 2147483647;
			files = (
			);
			runOnlyForDeploymentPostprocessing = 0;
		};
/* End PBXResourcesBuildPhase section */

/* Begin PBXShellScriptBuildPhase section */
		0021E90677E5E201CE00F3D7 /* [CP] Check Pods Manifest.lock */ = {
			isa = PBXShellScriptBuildPhase;
			buildActionMask = 2147483647;
			files = (
			);
			inputFileListPaths = (
			);
			inputPaths = (
				"${PODS_PODFILE_DIR_PATH}/Podfile.lock",
				"${PODS_ROOT}/Manifest.lock",
			);
			name = "[CP] Check Pods Manifest.lock";
			outputFileListPaths = (
			);
			outputPaths = (
				"$(DERIVED_FILE_DIR)/Pods-XiGuaManHua-XiGuaManHuaUITests-checkManifestLockResult.txt",
			);
			runOnlyForDeploymentPostprocessing = 0;
			shellPath = /bin/sh;
			shellScript = "diff \"${PODS_PODFILE_DIR_PATH}/Podfile.lock\" \"${PODS_ROOT}/Manifest.lock\" > /dev/null\nif [ $? != 0 ] ; then\n    # print error to STDERR\n    echo \"error: The sandbox is not in sync with the Podfile.lock. Run 'pod install' or update your CocoaPods installation.\" >&2\n    exit 1\nfi\n# This output is used by Xcode 'outputs' to avoid re-running this script phase.\necho \"SUCCESS\" > \"${SCRIPT_OUTPUT_FILE_0}\"\n";
			showEnvVarsInLog = 0;
		};
		1D39264EBF2B35063F22ABF5 /* [CP] Check Pods Manifest.lock */ = {
			isa = PBXShellScriptBuildPhase;
			buildActionMask = 2147483647;
			files = (
			);
			inputFileListPaths = (
			);
			inputPaths = (
				"${PODS_PODFILE_DIR_PATH}/Podfile.lock",
				"${PODS_ROOT}/Manifest.lock",
			);
			name = "[CP] Check Pods Manifest.lock";
			outputFileListPaths = (
			);
			outputPaths = (
				"$(DERIVED_FILE_DIR)/Pods-XiGuaManHuaTests-checkManifestLockResult.txt",
			);
			runOnlyForDeploymentPostprocessing = 0;
			shellPath = /bin/sh;
			shellScript = "diff \"${PODS_PODFILE_DIR_PATH}/Podfile.lock\" \"${PODS_ROOT}/Manifest.lock\" > /dev/null\nif [ $? != 0 ] ; then\n    # print error to STDERR\n    echo \"error: The sandbox is not in sync with the Podfile.lock. Run 'pod install' or update your CocoaPods installation.\" >&2\n    exit 1\nfi\n# This output is used by Xcode 'outputs' to avoid re-running this script phase.\necho \"SUCCESS\" > \"${SCRIPT_OUTPUT_FILE_0}\"\n";
			showEnvVarsInLog = 0;
		};
		3BCB3D3C74C54CD7280B55A2 /* [CP] Embed Pods Frameworks */ = {
			isa = PBXShellScriptBuildPhase;
			buildActionMask = 2147483647;
			files = (
			);
			inputFileListPaths = (
				"${PODS_ROOT}/Target Support Files/Pods-XiGuaManHua-XiGuaManHuaUITests/Pods-XiGuaManHua-XiGuaManHuaUITests-frameworks-${CONFIGURATION}-input-files.xcfilelist",
			);
			name = "[CP] Embed Pods Frameworks";
			outputFileListPaths = (
				"${PODS_ROOT}/Target Support Files/Pods-XiGuaManHua-XiGuaManHuaUITests/Pods-XiGuaManHua-XiGuaManHuaUITests-frameworks-${CONFIGURATION}-output-files.xcfilelist",
			);
			runOnlyForDeploymentPostprocessing = 0;
			shellPath = /bin/sh;
			shellScript = "\"${PODS_ROOT}/Target Support Files/Pods-XiGuaManHua-XiGuaManHuaUITests/Pods-XiGuaManHua-XiGuaManHuaUITests-frameworks.sh\"\n";
			showEnvVarsInLog = 0;
		};
		BC1B36755058E6B95EA63068 /* [CP] Embed Pods Frameworks */ = {
			isa = PBXShellScriptBuildPhase;
			buildActionMask = 2147483647;
			files = (
			);
			inputFileListPaths = (
				"${PODS_ROOT}/Target Support Files/Pods-XiGuaManHua/Pods-XiGuaManHua-frameworks-${CONFIGURATION}-input-files.xcfilelist",
			);
			name = "[CP] Embed Pods Frameworks";
			outputFileListPaths = (
				"${PODS_ROOT}/Target Support Files/Pods-XiGuaManHua/Pods-XiGuaManHua-frameworks-${CONFIGURATION}-output-files.xcfilelist",
			);
			runOnlyForDeploymentPostprocessing = 0;
			shellPath = /bin/sh;
			shellScript = "\"${PODS_ROOT}/Target Support Files/Pods-XiGuaManHua/Pods-XiGuaManHua-frameworks.sh\"\n";
			showEnvVarsInLog = 0;
		};
		EE42E37F4791E36E1DA16326 /* [CP] Check Pods Manifest.lock */ = {
			isa = PBXShellScriptBuildPhase;
			buildActionMask = 2147483647;
			files = (
			);
			inputFileListPaths = (
			);
			inputPaths = (
				"${PODS_PODFILE_DIR_PATH}/Podfile.lock",
				"${PODS_ROOT}/Manifest.lock",
			);
			name = "[CP] Check Pods Manifest.lock";
			outputFileListPaths = (
			);
			outputPaths = (
				"$(DERIVED_FILE_DIR)/Pods-XiGuaManHua-checkManifestLockResult.txt",
			);
			runOnlyForDeploymentPostprocessing = 0;
			shellPath = /bin/sh;
			shellScript = "diff \"${PODS_PODFILE_DIR_PATH}/Podfile.lock\" \"${PODS_ROOT}/Manifest.lock\" > /dev/null\nif [ $? != 0 ] ; then\n    # print error to STDERR\n    echo \"error: The sandbox is not in sync with the Podfile.lock. Run 'pod install' or update your CocoaPods installation.\" >&2\n    exit 1\nfi\n# This output is used by Xcode 'outputs' to avoid re-running this script phase.\necho \"SUCCESS\" > \"${SCRIPT_OUTPUT_FILE_0}\"\n";
			showEnvVarsInLog = 0;
		};
/* End PBXShellScriptBuildPhase section */

/* Begin PBXSourcesBuildPhase section */
		F73645312610873500B9FCCE /* Sources */ = {
			isa = PBXSourcesBuildPhase;
			buildActionMask = 2147483647;
			files = (
				F71F343D26180D1800F0AD19 /* XGSubscribeViewController.swift in Sources */,
				F73645CE2611BB8300B9FCCE /* XGSegmentedTitleView.swift in Sources */,
				F71F34782619E4BF00F0AD19 /* XGBaseViewController.swift in Sources */,
				F71F343F26180D1800F0AD19 /* XGCollectionHeaderView.swift in Sources */,
				F71F344226180D1800F0AD19 /* XGMineViewController.swift in Sources */,
				F71F343B26180D1800F0AD19 /* XGVIPViewController.swift in Sources */,
				F71F343C26180D1800F0AD19 /* XGRecommendViewController.swift in Sources */,
				F73645D42611BBCF00B9FCCE /* XGCommon.swift in Sources */,
				F71F343926180D1800F0AD19 /* XGHomeViewController.swift in Sources */,
				F73645392610873500B9FCCE /* AppDelegate.swift in Sources */,
				F73645DC2611DA8500B9FCCE /* XGSegmentedPageView.swift in Sources */,
				F71F347D2619E4DA00F0AD19 /* XGCommonModel.swift in Sources */,
				F71F34772619E4BF00F0AD19 /* XGNavigationController.swift in Sources */,
				F71F34762619E4BF00F0AD19 /* XGTabBarController.swift in Sources */,
				F71F343A26180D1800F0AD19 /* XGRankViewController.swift in Sources */,
				F73645B62610E28700B9FCCE /* UIColor-Extension.swift in Sources */,
				F71F34582619554F00F0AD19 /* XGNetwork.swift in Sources */,
				F71F343E26180D1800F0AD19 /* XGCollectionNormalCell.swift in Sources */,
				F71F344026180D1800F0AD19 /* XGRecommendRequest.swift in Sources */,
				F71F346C2619E22900F0AD19 /* XGRecommendModel.swift in Sources */,
				F71F344326180D1800F0AD19 /* XGBookViewController.swift in Sources */,
				F71F344126180D1800F0AD19 /* XGCategoryViewController.swift in Sources */,
			);
			runOnlyForDeploymentPostprocessing = 0;
		};
		F73645472610873700B9FCCE /* Sources */ = {
			isa = PBXSourcesBuildPhase;
			buildActionMask = 2147483647;
			files = (
				F73645502610873700B9FCCE /* XiGuaManHuaTests.swift in Sources */,
			);
			runOnlyForDeploymentPostprocessing = 0;
		};
		F73645522610873700B9FCCE /* Sources */ = {
			isa = PBXSourcesBuildPhase;
			buildActionMask = 2147483647;
			files = (
				F736455B2610873700B9FCCE /* XiGuaManHuaUITests.swift in Sources */,
			);
			runOnlyForDeploymentPostprocessing = 0;
		};
/* End PBXSourcesBuildPhase section */

/* Begin PBXTargetDependency section */
		F736454D2610873700B9FCCE /* PBXTargetDependency */ = {
			isa = PBXTargetDependency;
			target = F73645342610873500B9FCCE /* XiGuaManHua */;
			targetProxy = F736454C2610873700B9FCCE /* PBXContainerItemProxy */;
		};
		F73645582610873700B9FCCE /* PBXTargetDependency */ = {
			isa = PBXTargetDependency;
			target = F73645342610873500B9FCCE /* XiGuaManHua */;
			targetProxy = F73645572610873700B9FCCE /* PBXContainerItemProxy */;
		};
/* End PBXTargetDependency section */

/* Begin PBXVariantGroup section */
		F73645432610873700B9FCCE /* LaunchScreen.storyboard */ = {
			isa = PBXVariantGroup;
			children = (
				F73645442610873700B9FCCE /* Base */,
			);
			name = LaunchScreen.storyboard;
			sourceTree = "<group>";
		};
/* End PBXVariantGroup section */

/* Begin XCBuildConfiguration section */
		F736455D2610873700B9FCCE /* Debug */ = {
			isa = XCBuildConfiguration;
			buildSettings = {
				ALWAYS_SEARCH_USER_PATHS = NO;
				CLANG_ANALYZER_NONNULL = YES;
				CLANG_ANALYZER_NUMBER_OBJECT_CONVERSION = YES_AGGRESSIVE;
				CLANG_CXX_LANGUAGE_STANDARD = "gnu++14";
				CLANG_CXX_LIBRARY = "libc++";
				CLANG_ENABLE_MODULES = YES;
				CLANG_ENABLE_OBJC_ARC = YES;
				CLANG_ENABLE_OBJC_WEAK = YES;
				CLANG_WARN_BLOCK_CAPTURE_AUTORELEASING = YES;
				CLANG_WARN_BOOL_CONVERSION = YES;
				CLANG_WARN_COMMA = YES;
				CLANG_WARN_CONSTANT_CONVERSION = YES;
				CLANG_WARN_DEPRECATED_OBJC_IMPLEMENTATIONS = YES;
				CLANG_WARN_DIRECT_OBJC_ISA_USAGE = YES_ERROR;
				CLANG_WARN_DOCUMENTATION_COMMENTS = YES;
				CLANG_WARN_EMPTY_BODY = YES;
				CLANG_WARN_ENUM_CONVERSION = YES;
				CLANG_WARN_INFINITE_RECURSION = YES;
				CLANG_WARN_INT_CONVERSION = YES;
				CLANG_WARN_NON_LITERAL_NULL_CONVERSION = YES;
				CLANG_WARN_OBJC_IMPLICIT_RETAIN_SELF = YES;
				CLANG_WARN_OBJC_LITERAL_CONVERSION = YES;
				CLANG_WARN_OBJC_ROOT_CLASS = YES_ERROR;
				CLANG_WARN_QUOTED_INCLUDE_IN_FRAMEWORK_HEADER = YES;
				CLANG_WARN_RANGE_LOOP_ANALYSIS = YES;
				CLANG_WARN_STRICT_PROTOTYPES = YES;
				CLANG_WARN_SUSPICIOUS_MOVE = YES;
				CLANG_WARN_UNGUARDED_AVAILABILITY = YES_AGGRESSIVE;
				CLANG_WARN_UNREACHABLE_CODE = YES;
				CLANG_WARN__DUPLICATE_METHOD_MATCH = YES;
				COPY_PHASE_STRIP = NO;
				DEBUG_INFORMATION_FORMAT = dwarf;
				ENABLE_STRICT_OBJC_MSGSEND = YES;
				ENABLE_TESTABILITY = YES;
				GCC_C_LANGUAGE_STANDARD = gnu11;
				GCC_DYNAMIC_NO_PIC = NO;
				GCC_NO_COMMON_BLOCKS = YES;
				GCC_OPTIMIZATION_LEVEL = 0;
				GCC_PREPROCESSOR_DEFINITIONS = (
					"DEBUG=1",
					"$(inherited)",
				);
				GCC_WARN_64_TO_32_BIT_CONVERSION = YES;
				GCC_WARN_ABOUT_RETURN_TYPE = YES_ERROR;
				GCC_WARN_UNDECLARED_SELECTOR = YES;
				GCC_WARN_UNINITIALIZED_AUTOS = YES_AGGRESSIVE;
				GCC_WARN_UNUSED_FUNCTION = YES;
				GCC_WARN_UNUSED_VARIABLE = YES;
				IPHONEOS_DEPLOYMENT_TARGET = 14.4;
				MTL_ENABLE_DEBUG_INFO = INCLUDE_SOURCE;
				MTL_FAST_MATH = YES;
				ONLY_ACTIVE_ARCH = YES;
				SDKROOT = iphoneos;
				SWIFT_ACTIVE_COMPILATION_CONDITIONS = DEBUG;
				SWIFT_OPTIMIZATION_LEVEL = "-Onone";
			};
			name = Debug;
		};
		F736455E2610873700B9FCCE /* Release */ = {
			isa = XCBuildConfiguration;
			buildSettings = {
				ALWAYS_SEARCH_USER_PATHS = NO;
				CLANG_ANALYZER_NONNULL = YES;
				CLANG_ANALYZER_NUMBER_OBJECT_CONVERSION = YES_AGGRESSIVE;
				CLANG_CXX_LANGUAGE_STANDARD = "gnu++14";
				CLANG_CXX_LIBRARY = "libc++";
				CLANG_ENABLE_MODULES = YES;
				CLANG_ENABLE_OBJC_ARC = YES;
				CLANG_ENABLE_OBJC_WEAK = YES;
				CLANG_WARN_BLOCK_CAPTURE_AUTORELEASING = YES;
				CLANG_WARN_BOOL_CONVERSION = YES;
				CLANG_WARN_COMMA = YES;
				CLANG_WARN_CONSTANT_CONVERSION = YES;
				CLANG_WARN_DEPRECATED_OBJC_IMPLEMENTATIONS = YES;
				CLANG_WARN_DIRECT_OBJC_ISA_USAGE = YES_ERROR;
				CLANG_WARN_DOCUMENTATION_COMMENTS = YES;
				CLANG_WARN_EMPTY_BODY = YES;
				CLANG_WARN_ENUM_CONVERSION = YES;
				CLANG_WARN_INFINITE_RECURSION = YES;
				CLANG_WARN_INT_CONVERSION = YES;
				CLANG_WARN_NON_LITERAL_NULL_CONVERSION = YES;
				CLANG_WARN_OBJC_IMPLICIT_RETAIN_SELF = YES;
				CLANG_WARN_OBJC_LITERAL_CONVERSION = YES;
				CLANG_WARN_OBJC_ROOT_CLASS = YES_ERROR;
				CLANG_WARN_QUOTED_INCLUDE_IN_FRAMEWORK_HEADER = YES;
				CLANG_WARN_RANGE_LOOP_ANALYSIS = YES;
				CLANG_WARN_STRICT_PROTOTYPES = YES;
				CLANG_WARN_SUSPICIOUS_MOVE = YES;
				CLANG_WARN_UNGUARDED_AVAILABILITY = YES_AGGRESSIVE;
				CLANG_WARN_UNREACHABLE_CODE = YES;
				CLANG_WARN__DUPLICATE_METHOD_MATCH = YES;
				COPY_PHASE_STRIP = NO;
				DEBUG_INFORMATION_FORMAT = "dwarf-with-dsym";
				ENABLE_NS_ASSERTIONS = NO;
				ENABLE_STRICT_OBJC_MSGSEND = YES;
				GCC_C_LANGUAGE_STANDARD = gnu11;
				GCC_NO_COMMON_BLOCKS = YES;
				GCC_WARN_64_TO_32_BIT_CONVERSION = YES;
				GCC_WARN_ABOUT_RETURN_TYPE = YES_ERROR;
				GCC_WARN_UNDECLARED_SELECTOR = YES;
				GCC_WARN_UNINITIALIZED_AUTOS = YES_AGGRESSIVE;
				GCC_WARN_UNUSED_FUNCTION = YES;
				GCC_WARN_UNUSED_VARIABLE = YES;
				IPHONEOS_DEPLOYMENT_TARGET = 14.4;
				MTL_ENABLE_DEBUG_INFO = NO;
				MTL_FAST_MATH = YES;
				SDKROOT = iphoneos;
				SWIFT_COMPILATION_MODE = wholemodule;
				SWIFT_OPTIMIZATION_LEVEL = "-O";
				VALIDATE_PRODUCT = YES;
			};
			name = Release;
		};
		F73645602610873700B9FCCE /* Debug */ = {
			isa = XCBuildConfiguration;
			baseConfigurationReference = 601A85B16FD85FCB3531A6B3 /* Pods-XiGuaManHua.debug.xcconfig */;
			buildSettings = {
				ASSETCATALOG_COMPILER_APPICON_NAME = AppIcon;
				ASSETCATALOG_COMPILER_GLOBAL_ACCENT_COLOR_NAME = AccentColor;
				CODE_SIGN_STYLE = Automatic;
				DEVELOPMENT_TEAM = 6C2N6XAQQQ;
				INFOPLIST_FILE = XiGuaManHua/Info.plist;
				IPHONEOS_DEPLOYMENT_TARGET = 9.0;
				LD_RUNPATH_SEARCH_PATHS = (
					"$(inherited)",
					"@executable_path/Frameworks",
				);
				PRODUCT_BUNDLE_IDENTIFIER = zxd.XiGuaManHua;
				PRODUCT_NAME = "$(TARGET_NAME)";
				SWIFT_VERSION = 5.0;
				TARGETED_DEVICE_FAMILY = "1,2";
			};
			name = Debug;
		};
		F73645612610873700B9FCCE /* Release */ = {
			isa = XCBuildConfiguration;
			baseConfigurationReference = 36799DED92C1379A126D2EFB /* Pods-XiGuaManHua.release.xcconfig */;
			buildSettings = {
				ASSETCATALOG_COMPILER_APPICON_NAME = AppIcon;
				ASSETCATALOG_COMPILER_GLOBAL_ACCENT_COLOR_NAME = AccentColor;
				CODE_SIGN_STYLE = Automatic;
				DEVELOPMENT_TEAM = 6C2N6XAQQQ;
				INFOPLIST_FILE = XiGuaManHua/Info.plist;
				IPHONEOS_DEPLOYMENT_TARGET = 9.0;
				LD_RUNPATH_SEARCH_PATHS = (
					"$(inherited)",
					"@executable_path/Frameworks",
				);
				PRODUCT_BUNDLE_IDENTIFIER = zxd.XiGuaManHua;
				PRODUCT_NAME = "$(TARGET_NAME)";
				SWIFT_VERSION = 5.0;
				TARGETED_DEVICE_FAMILY = "1,2";
			};
			name = Release;
		};
		F73645632610873700B9FCCE /* Debug */ = {
			isa = XCBuildConfiguration;
			baseConfigurationReference = 4C29E9401217EC0115D69B37 /* Pods-XiGuaManHuaTests.debug.xcconfig */;
			buildSettings = {
				ALWAYS_EMBED_SWIFT_STANDARD_LIBRARIES = YES;
				BUNDLE_LOADER = "$(TEST_HOST)";
				CODE_SIGN_STYLE = Automatic;
				DEVELOPMENT_TEAM = 6C2N6XAQQQ;
				INFOPLIST_FILE = XiGuaManHuaTests/Info.plist;
				IPHONEOS_DEPLOYMENT_TARGET = 14.4;
				LD_RUNPATH_SEARCH_PATHS = (
					"$(inherited)",
					"@executable_path/Frameworks",
					"@loader_path/Frameworks",
				);
				PRODUCT_BUNDLE_IDENTIFIER = zxd.XiGuaManHuaTests;
				PRODUCT_NAME = "$(TARGET_NAME)";
				SWIFT_VERSION = 5.0;
				TARGETED_DEVICE_FAMILY = "1,2";
				TEST_HOST = "$(BUILT_PRODUCTS_DIR)/XiGuaManHua.app/XiGuaManHua";
			};
			name = Debug;
		};
		F73645642610873700B9FCCE /* Release */ = {
			isa = XCBuildConfiguration;
			baseConfigurationReference = 86E3DEC980BDD9C7B1B35B36 /* Pods-XiGuaManHuaTests.release.xcconfig */;
			buildSettings = {
				ALWAYS_EMBED_SWIFT_STANDARD_LIBRARIES = YES;
				BUNDLE_LOADER = "$(TEST_HOST)";
				CODE_SIGN_STYLE = Automatic;
				DEVELOPMENT_TEAM = 6C2N6XAQQQ;
				INFOPLIST_FILE = XiGuaManHuaTests/Info.plist;
				IPHONEOS_DEPLOYMENT_TARGET = 14.4;
				LD_RUNPATH_SEARCH_PATHS = (
					"$(inherited)",
					"@executable_path/Frameworks",
					"@loader_path/Frameworks",
				);
				PRODUCT_BUNDLE_IDENTIFIER = zxd.XiGuaManHuaTests;
				PRODUCT_NAME = "$(TARGET_NAME)";
				SWIFT_VERSION = 5.0;
				TARGETED_DEVICE_FAMILY = "1,2";
				TEST_HOST = "$(BUILT_PRODUCTS_DIR)/XiGuaManHua.app/XiGuaManHua";
			};
			name = Release;
		};
		F73645662610873700B9FCCE /* Debug */ = {
			isa = XCBuildConfiguration;
			baseConfigurationReference = BFEEB3110AE793C0ADFA3942 /* Pods-XiGuaManHua-XiGuaManHuaUITests.debug.xcconfig */;
			buildSettings = {
				ALWAYS_EMBED_SWIFT_STANDARD_LIBRARIES = YES;
				CODE_SIGN_STYLE = Automatic;
				DEVELOPMENT_TEAM = 6C2N6XAQQQ;
				INFOPLIST_FILE = XiGuaManHuaUITests/Info.plist;
				LD_RUNPATH_SEARCH_PATHS = (
					"$(inherited)",
					"@executable_path/Frameworks",
					"@loader_path/Frameworks",
				);
				PRODUCT_BUNDLE_IDENTIFIER = zxd.XiGuaManHuaUITests;
				PRODUCT_NAME = "$(TARGET_NAME)";
				SWIFT_VERSION = 5.0;
				TARGETED_DEVICE_FAMILY = "1,2";
				TEST_TARGET_NAME = XiGuaManHua;
			};
			name = Debug;
		};
		F73645672610873700B9FCCE /* Release */ = {
			isa = XCBuildConfiguration;
			baseConfigurationReference = 014DA1F0D4726AF20A39847E /* Pods-XiGuaManHua-XiGuaManHuaUITests.release.xcconfig */;
			buildSettings = {
				ALWAYS_EMBED_SWIFT_STANDARD_LIBRARIES = YES;
				CODE_SIGN_STYLE = Automatic;
				DEVELOPMENT_TEAM = 6C2N6XAQQQ;
				INFOPLIST_FILE = XiGuaManHuaUITests/Info.plist;
				LD_RUNPATH_SEARCH_PATHS = (
					"$(inherited)",
					"@executable_path/Frameworks",
					"@loader_path/Frameworks",
				);
				PRODUCT_BUNDLE_IDENTIFIER = zxd.XiGuaManHuaUITests;
				PRODUCT_NAME = "$(TARGET_NAME)";
				SWIFT_VERSION = 5.0;
				TARGETED_DEVICE_FAMILY = "1,2";
				TEST_TARGET_NAME = XiGuaManHua;
			};
			name = Release;
		};
/* End XCBuildConfiguration section */

/* Begin XCConfigurationList section */
		F73645302610873500B9FCCE /* Build configuration list for PBXProject "XiGuaManHua" */ = {
			isa = XCConfigurationList;
			buildConfigurations = (
				F736455D2610873700B9FCCE /* Debug */,
				F736455E2610873700B9FCCE /* Release */,
			);
			defaultConfigurationIsVisible = 0;
			defaultConfigurationName = Release;
		};
		F736455F2610873700B9FCCE /* Build configuration list for PBXNativeTarget "XiGuaManHua" */ = {
			isa = XCConfigurationList;
			buildConfigurations = (
				F73645602610873700B9FCCE /* Debug */,
				F73645612610873700B9FCCE /* Release */,
			);
			defaultConfigurationIsVisible = 0;
			defaultConfigurationName = Release;
		};
		F73645622610873700B9FCCE /* Build configuration list for PBXNativeTarget "XiGuaManHuaTests" */ = {
			isa = XCConfigurationList;
			buildConfigurations = (
				F73645632610873700B9FCCE /* Debug */,
				F73645642610873700B9FCCE /* Release */,
			);
			defaultConfigurationIsVisible = 0;
			defaultConfigurationName = Release;
		};
		F73645652610873700B9FCCE /* Build configuration list for PBXNativeTarget "XiGuaManHuaUITests" */ = {
			isa = XCConfigurationList;
			buildConfigurations = (
				F73645662610873700B9FCCE /* Debug */,
				F73645672610873700B9FCCE /* Release */,
			);
			defaultConfigurationIsVisible = 0;
			defaultConfigurationName = Release;
		};
/* End XCConfigurationList section */
	};
	rootObject = F736452D2610873500B9FCCE /* Project object */;
}
